# This file is autogenerated, do not edit; changes may be undone by the next 'dep ensure'.


[[projects]]
  digest = "1:6973c2e8119789f8600a3eb9af765c57ea27824f1789198597d701c01abbc013"
  name = "github.com/googollee/go-engine.io"
  packages = [
    ".",
    "base",
    "packet",
    "payload",
    "transport",
    "transport/polling",
    "transport/websocket",
  ]
  pruneopts = "UT"
  revision = "d1cac332336664ac940c0db96d83e9b181cd335c"
  version = "v1.4.2"

[[projects]]
  digest = "1:f58b7651e01bdf11e0564073745c613d8da55f49b67addbceab81e45653914c0"
  name = "github.com/googollee/go-socket.io"
  packages = [
    ".",
    "parser",
  ]
  pruneopts = "UT"
  revision = "a94b83ffe22a53b14946d177551f877cb7e95e57"
  version = "v1.4.3"

[[projects]]
  digest = "1:6d29f02f0f01c627c2be40fb7347669a9ff2aa215cb97747294c1d13ffa74bdd"
  name = "github.com/gorilla/websocket"
  packages = ["."]
  pruneopts = "UT"
  revision = "b65e62901fc1c0d968042419e74789f6af455eb9"
  version = "v1.4.2"

[solve-meta]
  analyzer-name = "dep"
  analyzer-version = 1
  input-imports = ["github.com/googollee/go-socket.io"]
  solver-name = "gps-cdcl"
  solver-version = 1
